{
  "name": "codeit-chartiq-9.4.0-1b2848fa",
  "lockfileVersion": 3,
  "requires": true,
  "packages": {
    "": {
      "dependencies": {
        "chartiq": "file:chartiq-9.4.0.tgz"
      }
    },
    "node_modules/chartiq": {
      "version": "9.4.0",
      "resolved": "file:chartiq-9.4.0.tgz",
      "integrity": "sha512-5uynbI8nKqjGZr5KDQDrRe5WL8YGvfUv0OxNdJdOjvULMxW1v7bwkTosv+K7tuPB8DCTY7/LPnn7t5u2BhUwFQ=="
    }
  }
}
